// !$*UTF8*$!
{
	archiveVersion = 1;
	classes = {
	};
	objectVersion = 55;
	objects = {

/* Begin PBXBuildFile section */
		E22B5E60297839D000836E92 /* LynaFMApp.swift in Sources */ = {isa = PBXBuildFile; fileRef = E22B5E50297839CE00836E92 /* LynaFMApp.swift */; };
		E22B5E62297839D000836E92 /* ContentView.swift in Sources */ = {isa = PBXBuildFile; fileRef = E22B5E51297839CE00836E92 /* ContentView.swift */; };
		E22B5E64297839D000836E92 /* Assets.xcassets in Resources */ = {isa = PBXBuildFile; fileRef = E22B5E52297839D000836E92 /* Assets.xcassets */; };
		E22B5E7229783EDB00836E92 /* FirebaseAppCheck in Frameworks */ = {isa = PBXBuildFile; productRef = E22B5E7129783EDB00836E92 /* FirebaseAppCheck */; };
		E22B5E7429783EDB00836E92 /* FirebaseAppDistribution-Beta in Frameworks */ = {isa = PBXBuildFile; productRef = E22B5E7329783EDB00836E92 /* FirebaseAppDistribution-Beta */; };
		E22B5E7629783EDB00836E92 /* FirebaseAuth in Frameworks */ = {isa = PBXBuildFile; productRef = E22B5E7529783EDB00836E92 /* FirebaseAuth */; };
		E22B5E7829783EDB00836E92 /* FirebaseAuthCombine-Community in Frameworks */ = {isa = PBXBuildFile; productRef = E22B5E7729783EDB00836E92 /* FirebaseAuthCombine-Community */; };
		E22B5E7A29783EDB00836E92 /* FirebaseCrashlytics in Frameworks */ = {isa = PBXBuildFile; productRef = E22B5E7929783EDB00836E92 /* FirebaseCrashlytics */; };
		E22B5E7C29783EDB00836E92 /* FirebaseDatabase in Frameworks */ = {isa = PBXBuildFile; productRef = E22B5E7B29783EDB00836E92 /* FirebaseDatabase */; };
		E22B5E7E29783EDB00836E92 /* FirebaseDatabaseSwift in Frameworks */ = {isa = PBXBuildFile; productRef = E22B5E7D29783EDB00836E92 /* FirebaseDatabaseSwift */; };
		E22B5E8029783EDB00836E92 /* FirebaseDynamicLinks in Frameworks */ = {isa = PBXBuildFile; productRef = E22B5E7F29783EDB00836E92 /* FirebaseDynamicLinks */; };
		E22B5E8229783EDB00836E92 /* FirebaseFirestore in Frameworks */ = {isa = PBXBuildFile; productRef = E22B5E8129783EDB00836E92 /* FirebaseFirestore */; };
		E22B5E8429783EDB00836E92 /* FirebaseFirestoreCombine-Community in Frameworks */ = {isa = PBXBuildFile; productRef = E22B5E8329783EDB00836E92 /* FirebaseFirestoreCombine-Community */; };
		E22B5E8629783EDB00836E92 /* FirebaseFirestoreSwift in Frameworks */ = {isa = PBXBuildFile; productRef = E22B5E8529783EDB00836E92 /* FirebaseFirestoreSwift */; };
		E22B5E8829783EDB00836E92 /* FirebaseFunctions in Frameworks */ = {isa = PBXBuildFile; productRef = E22B5E8729783EDB00836E92 /* FirebaseFunctions */; };
		E22B5E8A29783EDB00836E92 /* FirebaseFunctionsCombine-Community in Frameworks */ = {isa = PBXBuildFile; productRef = E22B5E8929783EDB00836E92 /* FirebaseFunctionsCombine-Community */; };
		E22B5E8C29783EDB00836E92 /* FirebaseInAppMessaging-Beta in Frameworks */ = {isa = PBXBuildFile; productRef = E22B5E8B29783EDB00836E92 /* FirebaseInAppMessaging-Beta */; };
		E22B5E8E29783EDB00836E92 /* FirebaseInAppMessagingSwift-Beta in Frameworks */ = {isa = PBXBuildFile; productRef = E22B5E8D29783EDB00836E92 /* FirebaseInAppMessagingSwift-Beta */; };
		E22B5E9029783EDB00836E92 /* FirebaseInstallations in Frameworks */ = {isa = PBXBuildFile; productRef = E22B5E8F29783EDB00836E92 /* FirebaseInstallations */; };
		E22B5E9229783EDB00836E92 /* FirebaseMLModelDownloader in Frameworks */ = {isa = PBXBuildFile; productRef = E22B5E9129783EDB00836E92 /* FirebaseMLModelDownloader */; };
		E22B5E9429783EDB00836E92 /* FirebaseMessaging in Frameworks */ = {isa = PBXBuildFile; productRef = E22B5E9329783EDB00836E92 /* FirebaseMessaging */; };
		E22B5E9629783EDB00836E92 /* FirebasePerformance in Frameworks */ = {isa = PBXBuildFile; productRef = E22B5E9529783EDB00836E92 /* FirebasePerformance */; };
		E22B5E9829783EDB00836E92 /* FirebaseRemoteConfig in Frameworks */ = {isa = PBXBuildFile; productRef = E22B5E9729783EDB00836E92 /* FirebaseRemoteConfig */; };
		E22B5E9A29783EDB00836E92 /* FirebaseRemoteConfigSwift in Frameworks */ = {isa = PBXBuildFile; productRef = E22B5E9929783EDB00836E92 /* FirebaseRemoteConfigSwift */; };
		E22B5E9C29783EDB00836E92 /* FirebaseStorage in Frameworks */ = {isa = PBXBuildFile; productRef = E22B5E9B29783EDB00836E92 /* FirebaseStorage */; };
		E22B5E9E29783EDB00836E92 /* FirebaseStorageCombine-Community in Frameworks */ = {isa = PBXBuildFile; productRef = E22B5E9D29783EDB00836E92 /* FirebaseStorageCombine-Community */; };
		E22B5EA02978468500836E92 /* GoogleService-Info.plist in Resources */ = {isa = PBXBuildFile; fileRef = E22B5E9F2978468500836E92 /* GoogleService-Info.plist */; };
		E22B5EA2297847B400836E92 /* Extensions.swift in Sources */ = {isa = PBXBuildFile; fileRef = E22B5EA1297847B400836E92 /* Extensions.swift */; };
		E22B5EA42978480E00836E92 /* DeviceModels.json in Resources */ = {isa = PBXBuildFile; fileRef = E22B5EA32978480E00836E92 /* DeviceModels.json */; };
		E22B5EA729784A6E00836E92 /* Launch Screen.storyboard in Resources */ = {isa = PBXBuildFile; fileRef = E22B5EA629784A6E00836E92 /* Launch Screen.storyboard */; };
		E22B5EA92978510D00836E92 /* ExtensionsUIImage.swift in Sources */ = {isa = PBXBuildFile; fileRef = E22B5EA82978510D00836E92 /* ExtensionsUIImage.swift */; };
		E22B5EAB2978518200836E92 /* Constants.swift in Sources */ = {isa = PBXBuildFile; fileRef = E22B5EAA2978518200836E92 /* Constants.swift */; };
		E22B5EAE2978563800836E92 /* AuthUserManager.swift in Sources */ = {isa = PBXBuildFile; fileRef = E22B5EAD2978563800836E92 /* AuthUserManager.swift */; };
		E22B5EB12978580600836E92 /* UserModel.swift in Sources */ = {isa = PBXBuildFile; fileRef = E22B5EB02978580600836E92 /* UserModel.swift */; };
		E22B5EB329786F8300836E92 /* NetworksManager.swift in Sources */ = {isa = PBXBuildFile; fileRef = E22B5EB229786F8300836E92 /* NetworksManager.swift */; };
		E22B5EB529786F9700836E92 /* StoradgeManager.swift in Sources */ = {isa = PBXBuildFile; fileRef = E22B5EB429786F9600836E92 /* StoradgeManager.swift */; };
		E22B5EB82978703000836E92 /* AuthViewModel.swift in Sources */ = {isa = PBXBuildFile; fileRef = E22B5EB72978703000836E92 /* AuthViewModel.swift */; };
		E22B5EBA2978704300836E92 /* AuthView.swift in Sources */ = {isa = PBXBuildFile; fileRef = E22B5EB92978704300836E92 /* AuthView.swift */; };
		E2D906EB297924E2009C6B4B /* NotificationMessage.swift in Sources */ = {isa = PBXBuildFile; fileRef = E2D906EA297924E2009C6B4B /* NotificationMessage.swift */; };
		E2D906ED29792C02009C6B4B /* NotificationView.swift in Sources */ = {isa = PBXBuildFile; fileRef = E2D906EC29792C02009C6B4B /* NotificationView.swift */; };
		E2D906F029793417009C6B4B /* VersionValidateView.swift in Sources */ = {isa = PBXBuildFile; fileRef = E2D906EF29793417009C6B4B /* VersionValidateView.swift */; };
		E2D906F329793568009C6B4B /* NavigationViewModel.swift in Sources */ = {isa = PBXBuildFile; fileRef = E2D906F229793568009C6B4B /* NavigationViewModel.swift */; };
/* End PBXBuildFile section */

/* Begin PBXFileReference section */
		E22B5E50297839CE00836E92 /* LynaFMApp.swift */ = {isa = PBXFileReference; lastKnownFileType = sourcecode.swift; path = LynaFMApp.swift; sourceTree = "<group>"; };
		E22B5E51297839CE00836E92 /* ContentView.swift */ = {isa = PBXFileReference; lastKnownFileType = sourcecode.swift; path = ContentView.swift; sourceTree = "<group>"; };
		E22B5E52297839D000836E92 /* Assets.xcassets */ = {isa = PBXFileReference; lastKnownFileType = folder.assetcatalog; path = Assets.xcassets; sourceTree = "<group>"; };
		E22B5E57297839D000836E92 /* LynaFM.app */ = {isa = PBXFileReference; explicitFileType = wrapper.application; includeInIndex = 0; path = LynaFM.app; sourceTree = BUILT_PRODUCTS_DIR; };
		E22B5E9F2978468500836E92 /* GoogleService-Info.plist */ = {isa = PBXFileReference; fileEncoding = 4; lastKnownFileType = text.plist.xml; path = "GoogleService-Info.plist"; sourceTree = "<group>"; };
		E22B5EA1297847B400836E92 /* Extensions.swift */ = {isa = PBXFileReference; lastKnownFileType = sourcecode.swift; path = Extensions.swift; sourceTree = "<group>"; };
		E22B5EA32978480E00836E92 /* DeviceModels.json */ = {isa = PBXFileReference; fileEncoding = 4; lastKnownFileType = text.json; path = DeviceModels.json; sourceTree = "<group>"; };
		E22B5EA629784A6E00836E92 /* Launch Screen.storyboard */ = {isa = PBXFileReference; lastKnownFileType = file.storyboard; path = "Launch Screen.storyboard"; sourceTree = "<group>"; };
		E22B5EA82978510D00836E92 /* ExtensionsUIImage.swift */ = {isa = PBXFileReference; lastKnownFileType = sourcecode.swift; path = ExtensionsUIImage.swift; sourceTree = "<group>"; };
		E22B5EAA2978518200836E92 /* Constants.swift */ = {isa = PBXFileReference; lastKnownFileType = sourcecode.swift; path = Constants.swift; sourceTree = "<group>"; };
		E22B5EAD2978563800836E92 /* AuthUserManager.swift */ = {isa = PBXFileReference; lastKnownFileType = sourcecode.swift; path = AuthUserManager.swift; sourceTree = "<group>"; };
		E22B5EB02978580600836E92 /* UserModel.swift */ = {isa = PBXFileReference; lastKnownFileType = sourcecode.swift; path = UserModel.swift; sourceTree = "<group>"; };
		E22B5EB229786F8300836E92 /* NetworksManager.swift */ = {isa = PBXFileReference; lastKnownFileType = sourcecode.swift; path = NetworksManager.swift; sourceTree = "<group>"; };
		E22B5EB429786F9600836E92 /* StoradgeManager.swift */ = {isa = PBXFileReference; lastKnownFileType = sourcecode.swift; path = StoradgeManager.swift; sourceTree = "<group>"; };
		E22B5EB72978703000836E92 /* AuthViewModel.swift */ = {isa = PBXFileReference; lastKnownFileType = sourcecode.swift; path = AuthViewModel.swift; sourceTree = "<group>"; };
		E22B5EB92978704300836E92 /* AuthView.swift */ = {isa = PBXFileReference; lastKnownFileType = sourcecode.swift; path = AuthView.swift; sourceTree = "<group>"; };
		E2D906EA297924E2009C6B4B /* NotificationMessage.swift */ = {isa = PBXFileReference; lastKnownFileType = sourcecode.swift; path = NotificationMessage.swift; sourceTree = "<group>"; };
		E2D906EC29792C02009C6B4B /* NotificationView.swift */ = {isa = PBXFileReference; lastKnownFileType = sourcecode.swift; path = NotificationView.swift; sourceTree = "<group>"; };
		E2D906EF29793417009C6B4B /* VersionValidateView.swift */ = {isa = PBXFileReference; lastKnownFileType = sourcecode.swift; path = VersionValidateView.swift; sourceTree = "<group>"; };
		E2D906F229793568009C6B4B /* NavigationViewModel.swift */ = {isa = PBXFileReference; lastKnownFileType = sourcecode.swift; path = NavigationViewModel.swift; sourceTree = "<group>"; };
/* End PBXFileReference section */

/* Begin PBXFrameworksBuildPhase section */
		E22B5E54297839D000836E92 /* Frameworks */ = {
			isa = PBXFrameworksBuildPhase;
			buildActionMask = 2147483647;
			files = (
				E22B5E9429783EDB00836E92 /* FirebaseMessaging in Frameworks */,
				E22B5E9229783EDB00836E92 /* FirebaseMLModelDownloader in Frameworks */,
				E22B5E7E29783EDB00836E92 /* FirebaseDatabaseSwift in Frameworks */,
				E22B5E9E29783EDB00836E92 /* FirebaseStorageCombine-Community in Frameworks */,
				E22B5E9A29783EDB00836E92 /* FirebaseRemoteConfigSwift in Frameworks */,
				E22B5E8C29783EDB00836E92 /* FirebaseInAppMessaging-Beta in Frameworks */,
				E22B5E7C29783EDB00836E92 /* FirebaseDatabase in Frameworks */,
				E22B5E7229783EDB00836E92 /* FirebaseAppCheck in Frameworks */,
				E22B5E8829783EDB00836E92 /* FirebaseFunctions in Frameworks */,
				E22B5E8429783EDB00836E92 /* FirebaseFirestoreCombine-Community in Frameworks */,
				E22B5E8029783EDB00836E92 /* FirebaseDynamicLinks in Frameworks */,
				E22B5E8E29783EDB00836E92 /* FirebaseInAppMessagingSwift-Beta in Frameworks */,
				E22B5E8629783EDB00836E92 /* FirebaseFirestoreSwift in Frameworks */,
				E22B5E7629783EDB00836E92 /* FirebaseAuth in Frameworks */,
				E22B5E8A29783EDB00836E92 /* FirebaseFunctionsCombine-Community in Frameworks */,
				E22B5E9029783EDB00836E92 /* FirebaseInstallations in Frameworks */,
				E22B5E9629783EDB00836E92 /* FirebasePerformance in Frameworks */,
				E22B5E8229783EDB00836E92 /* FirebaseFirestore in Frameworks */,
				E22B5E7A29783EDB00836E92 /* FirebaseCrashlytics in Frameworks */,
				E22B5E7429783EDB00836E92 /* FirebaseAppDistribution-Beta in Frameworks */,
				E22B5E9C29783EDB00836E92 /* FirebaseStorage in Frameworks */,
				E22B5E7829783EDB00836E92 /* FirebaseAuthCombine-Community in Frameworks */,
				E22B5E9829783EDB00836E92 /* FirebaseRemoteConfig in Frameworks */,
			);
			runOnlyForDeploymentPostprocessing = 0;
		};
/* End PBXFrameworksBuildPhase section */

/* Begin PBXGroup section */
		E22B5E4A297839CE00836E92 = {
			isa = PBXGroup;
			children = (
				E22B5E4F297839CE00836E92 /* Shared */,
				E22B5E58297839D000836E92 /* Products */,
			);
			sourceTree = "<group>";
		};
		E22B5E4F297839CE00836E92 /* Shared */ = {
			isa = PBXGroup;
			children = (
				E22B5E50297839CE00836E92 /* LynaFMApp.swift */,
				E22B5E51297839CE00836E92 /* ContentView.swift */,
				E2D906F129793549009C6B4B /* Navigation */,
				E22B5EB629786FF700836E92 /* AuthView */,
				E22B5EAF2978574900836E92 /* User */,
				E22B5EAC2978558400836E92 /* Managers */,
				E2D906E9297924B1009C6B4B /* Notification */,
				E2D906EE297933DF009C6B4B /* Views */,
				E22B5EA529784A2400836E92 /* Extensions */,
				E22B5E52297839D000836E92 /* Assets.xcassets */,
				E22B5EA629784A6E00836E92 /* Launch Screen.storyboard */,
				E22B5EA32978480E00836E92 /* DeviceModels.json */,
				E22B5E9F2978468500836E92 /* GoogleService-Info.plist */,
			);
			path = Shared;
			sourceTree = "<group>";
		};
		E22B5E58297839D000836E92 /* Products */ = {
			isa = PBXGroup;
			children = (
				E22B5E57297839D000836E92 /* LynaFM.app */,
			);
			name = Products;
			sourceTree = "<group>";
		};
		E22B5EA529784A2400836E92 /* Extensions */ = {
			isa = PBXGroup;
			children = (
				E22B5EA1297847B400836E92 /* Extensions.swift */,
				E22B5EA82978510D00836E92 /* ExtensionsUIImage.swift */,
				E22B5EAA2978518200836E92 /* Constants.swift */,
			);
			path = Extensions;
			sourceTree = "<group>";
		};
		E22B5EAC2978558400836E92 /* Managers */ = {
			isa = PBXGroup;
			children = (
				E22B5EAD2978563800836E92 /* AuthUserManager.swift */,
				E22B5EB229786F8300836E92 /* NetworksManager.swift */,
				E22B5EB429786F9600836E92 /* StoradgeManager.swift */,
			);
			path = Managers;
			sourceTree = "<group>";
		};
		E22B5EAF2978574900836E92 /* User */ = {
			isa = PBXGroup;
			children = (
				E22B5EB02978580600836E92 /* UserModel.swift */,
			);
			path = User;
			sourceTree = "<group>";
		};
		E22B5EB629786FF700836E92 /* AuthView */ = {
			isa = PBXGroup;
			children = (
				E22B5EB92978704300836E92 /* AuthView.swift */,
				E22B5EB72978703000836E92 /* AuthViewModel.swift */,
			);
			path = AuthView;
			sourceTree = "<group>";
		};
		E2D906E9297924B1009C6B4B /* Notification */ = {
			isa = PBXGroup;
			children = (
				E2D906EC29792C02009C6B4B /* NotificationView.swift */,
				E2D906EA297924E2009C6B4B /* NotificationMessage.swift */,
			);
			path = Notification;
			sourceTree = "<group>";
		};
		E2D906EE297933DF009C6B4B /* Views */ = {
			isa = PBXGroup;
			children = (
				E2D906EF29793417009C6B4B /* VersionValidateView.swift */,
			);
			path = Views;
			sourceTree = "<group>";
		};
		E2D906F129793549009C6B4B /* Navigation */ = {
			isa = PBXGroup;
			children = (
				E2D906F229793568009C6B4B /* NavigationViewModel.swift */,
			);
			path = Navigation;
			sourceTree = "<group>";
		};
/* End PBXGroup section */

/* Begin PBXNativeTarget section */
		E22B5E56297839D000836E92 /* LynaFM (iOS) */ = {
			isa = PBXNativeTarget;
			buildConfigurationList = E22B5E68297839D000836E92 /* Build configuration list for PBXNativeTarget "LynaFM (iOS)" */;
			buildPhases = (
				E22B5E53297839D000836E92 /* Sources */,
				E22B5E54297839D000836E92 /* Frameworks */,
				E22B5E55297839D000836E92 /* Resources */,
			);
			buildRules = (
			);
			dependencies = (
			);
			name = "LynaFM (iOS)";
			packageProductDependencies = (
				E22B5E7129783EDB00836E92 /* FirebaseAppCheck */,
				E22B5E7329783EDB00836E92 /* FirebaseAppDistribution-Beta */,
				E22B5E7529783EDB00836E92 /* FirebaseAuth */,
				E22B5E7729783EDB00836E92 /* FirebaseAuthCombine-Community */,
				E22B5E7929783EDB00836E92 /* FirebaseCrashlytics */,
				E22B5E7B29783EDB00836E92 /* FirebaseDatabase */,
				E22B5E7D29783EDB00836E92 /* FirebaseDatabaseSwift */,
				E22B5E7F29783EDB00836E92 /* FirebaseDynamicLinks */,
				E22B5E8129783EDB00836E92 /* FirebaseFirestore */,
				E22B5E8329783EDB00836E92 /* FirebaseFirestoreCombine-Community */,
				E22B5E8529783EDB00836E92 /* FirebaseFirestoreSwift */,
				E22B5E8729783EDB00836E92 /* FirebaseFunctions */,
				E22B5E8929783EDB00836E92 /* FirebaseFunctionsCombine-Community */,
				E22B5E8B29783EDB00836E92 /* FirebaseInAppMessaging-Beta */,
				E22B5E8D29783EDB00836E92 /* FirebaseInAppMessagingSwift-Beta */,
				E22B5E8F29783EDB00836E92 /* FirebaseInstallations */,
				E22B5E9129783EDB00836E92 /* FirebaseMLModelDownloader */,
				E22B5E9329783EDB00836E92 /* FirebaseMessaging */,
				E22B5E9529783EDB00836E92 /* FirebasePerformance */,
				E22B5E9729783EDB00836E92 /* FirebaseRemoteConfig */,
				E22B5E9929783EDB00836E92 /* FirebaseRemoteConfigSwift */,
				E22B5E9B29783EDB00836E92 /* FirebaseStorage */,
				E22B5E9D29783EDB00836E92 /* FirebaseStorageCombine-Community */,
			);
			productName = "LynaFM (iOS)";
			productReference = E22B5E57297839D000836E92 /* LynaFM.app */;
			productType = "com.apple.product-type.application";
		};
/* End PBXNativeTarget section */

/* Begin PBXProject section */
		E22B5E4B297839CE00836E92 /* Project object */ = {
			isa = PBXProject;
			attributes = {
				BuildIndependentTargetsInParallel = 1;
				LastSwiftUpdateCheck = 1340;
				LastUpgradeCheck = 1340;
				TargetAttributes = {
					E22B5E56297839D000836E92 = {
						CreatedOnToolsVersion = 13.4.1;
					};
				};
			};
			buildConfigurationList = E22B5E4E297839CE00836E92 /* Build configuration list for PBXProject "LynaFM" */;
			compatibilityVersion = "Xcode 13.0";
			developmentRegion = en;
			hasScannedForEncodings = 0;
			knownRegions = (
				en,
				Base,
			);
			mainGroup = E22B5E4A297839CE00836E92;
			packageReferences = (
				E22B5E7029783EDB00836E92 /* XCRemoteSwiftPackageReference "firebase-ios-sdk" */,
			);
			productRefGroup = E22B5E58297839D000836E92 /* Products */;
			projectDirPath = "";
			projectRoot = "";
			targets = (
				E22B5E56297839D000836E92 /* LynaFM (iOS) */,
			);
		};
/* End PBXProject section */

/* Begin PBXResourcesBuildPhase section */
		E22B5E55297839D000836E92 /* Resources */ = {
			isa = PBXResourcesBuildPhase;
			buildActionMask = 2147483647;
			files = (
				E22B5E64297839D000836E92 /* Assets.xcassets in Resources */,
				E22B5EA02978468500836E92 /* GoogleService-Info.plist in Resources */,
				E22B5EA729784A6E00836E92 /* Launch Screen.storyboard in Resources */,
				E22B5EA42978480E00836E92 /* DeviceModels.json in Resources */,
			);
			runOnlyForDeploymentPostprocessing = 0;
		};
/* End PBXResourcesBuildPhase section */

/* Begin PBXSourcesBuildPhase section */
		E22B5E53297839D000836E92 /* Sources */ = {
			isa = PBXSourcesBuildPhase;
			buildActionMask = 2147483647;
			files = (
				E22B5EB82978703000836E92 /* AuthViewModel.swift in Sources */,
				E22B5EB329786F8300836E92 /* NetworksManager.swift in Sources */,
				E22B5EAB2978518200836E92 /* Constants.swift in Sources */,
				E2D906F029793417009C6B4B /* VersionValidateView.swift in Sources */,
				E2D906ED29792C02009C6B4B /* NotificationView.swift in Sources */,
				E22B5EB12978580600836E92 /* UserModel.swift in Sources */,
				E2D906F329793568009C6B4B /* NavigationViewModel.swift in Sources */,
				E22B5E62297839D000836E92 /* ContentView.swift in Sources */,
				E22B5EAE2978563800836E92 /* AuthUserManager.swift in Sources */,
				E22B5E60297839D000836E92 /* LynaFMApp.swift in Sources */,
				E22B5EA2297847B400836E92 /* Extensions.swift in Sources */,
				E2D906EB297924E2009C6B4B /* NotificationMessage.swift in Sources */,
				E22B5EB529786F9700836E92 /* StoradgeManager.swift in Sources */,
				E22B5EBA2978704300836E92 /* AuthView.swift in Sources */,
				E22B5EA92978510D00836E92 /* ExtensionsUIImage.swift in Sources */,
			);
			runOnlyForDeploymentPostprocessing = 0;
		};
/* End PBXSourcesBuildPhase section */

/* Begin XCBuildConfiguration section */
		E22B5E66297839D000836E92 /* Debug */ = {
			isa = XCBuildConfiguration;
			buildSettings = {
				ALWAYS_SEARCH_USER_PATHS = NO;
				CLANG_ANALYZER_NONNULL = YES;
				CLANG_ANALYZER_NUMBER_OBJECT_CONVERSION = YES_AGGRESSIVE;
				CLANG_CXX_LANGUAGE_STANDARD = "gnu++17";
				CLANG_ENABLE_MODULES = YES;
				CLANG_ENABLE_OBJC_ARC = YES;
				CLANG_ENABLE_OBJC_WEAK = YES;
				CLANG_WARN_BLOCK_CAPTURE_AUTORELEASING = YES;
				CLANG_WARN_BOOL_CONVERSION = YES;
				CLANG_WARN_COMMA = YES;
				CLANG_WARN_CONSTANT_CONVERSION = YES;
				CLANG_WARN_DEPRECATED_OBJC_IMPLEMENTATIONS = YES;
				CLANG_WARN_DIRECT_OBJC_ISA_USAGE = YES_ERROR;
				CLANG_WARN_DOCUMENTATION_COMMENTS = YES;
				CLANG_WARN_EMPTY_BODY = YES;
				CLANG_WARN_ENUM_CONVERSION = YES;
				CLANG_WARN_INFINITE_RECURSION = YES;
				CLANG_WARN_INT_CONVERSION = YES;
				CLANG_WARN_NON_LITERAL_NULL_CONVERSION = YES;
				CLANG_WARN_OBJC_IMPLICIT_RETAIN_SELF = YES;
				CLANG_WARN_OBJC_LITERAL_CONVERSION = YES;
				CLANG_WARN_OBJC_ROOT_CLASS = YES_ERROR;
				CLANG_WARN_QUOTED_INCLUDE_IN_FRAMEWORK_HEADER = YES;
				CLANG_WARN_RANGE_LOOP_ANALYSIS = YES;
				CLANG_WARN_STRICT_PROTOTYPES = YES;
				CLANG_WARN_SUSPICIOUS_MOVE = YES;
				CLANG_WARN_UNGUARDED_AVAILABILITY = YES_AGGRESSIVE;
				CLANG_WARN_UNREACHABLE_CODE = YES;
				CLANG_WARN__DUPLICATE_METHOD_MATCH = YES;
				COPY_PHASE_STRIP = NO;
				DEBUG_INFORMATION_FORMAT = dwarf;
				ENABLE_STRICT_OBJC_MSGSEND = YES;
				ENABLE_TESTABILITY = YES;
				GCC_C_LANGUAGE_STANDARD = gnu11;
				GCC_DYNAMIC_NO_PIC = NO;
				GCC_NO_COMMON_BLOCKS = YES;
				GCC_OPTIMIZATION_LEVEL = 0;
				GCC_PREPROCESSOR_DEFINITIONS = (
					"DEBUG=1",
					"$(inherited)",
				);
				GCC_WARN_64_TO_32_BIT_CONVERSION = YES;
				GCC_WARN_ABOUT_RETURN_TYPE = YES_ERROR;
				GCC_WARN_UNDECLARED_SELECTOR = YES;
				GCC_WARN_UNINITIALIZED_AUTOS = YES_AGGRESSIVE;
				GCC_WARN_UNUSED_FUNCTION = YES;
				GCC_WARN_UNUSED_VARIABLE = YES;
				MTL_ENABLE_DEBUG_INFO = INCLUDE_SOURCE;
				MTL_FAST_MATH = YES;
				ONLY_ACTIVE_ARCH = YES;
				SWIFT_ACTIVE_COMPILATION_CONDITIONS = DEBUG;
				SWIFT_OPTIMIZATION_LEVEL = "-Onone";
			};
			name = Debug;
		};
		E22B5E67297839D000836E92 /* Release */ = {
			isa = XCBuildConfiguration;
			buildSettings = {
				ALWAYS_SEARCH_USER_PATHS = NO;
				CLANG_ANALYZER_NONNULL = YES;
				CLANG_ANALYZER_NUMBER_OBJECT_CONVERSION = YES_AGGRESSIVE;
				CLANG_CXX_LANGUAGE_STANDARD = "gnu++17";
				CLANG_ENABLE_MODULES = YES;
				CLANG_ENABLE_OBJC_ARC = YES;
				CLANG_ENABLE_OBJC_WEAK = YES;
				CLANG_WARN_BLOCK_CAPTURE_AUTORELEASING = YES;
				CLANG_WARN_BOOL_CONVERSION = YES;
				CLANG_WARN_COMMA = YES;
				CLANG_WARN_CONSTANT_CONVERSION = YES;
				CLANG_WARN_DEPRECATED_OBJC_IMPLEMENTATIONS = YES;
				CLANG_WARN_DIRECT_OBJC_ISA_USAGE = YES_ERROR;
				CLANG_WARN_DOCUMENTATION_COMMENTS = YES;
				CLANG_WARN_EMPTY_BODY = YES;
				CLANG_WARN_ENUM_CONVERSION = YES;
				CLANG_WARN_INFINITE_RECURSION = YES;
				CLANG_WARN_INT_CONVERSION = YES;
				CLANG_WARN_NON_LITERAL_NULL_CONVERSION = YES;
				CLANG_WARN_OBJC_IMPLICIT_RETAIN_SELF = YES;
				CLANG_WARN_OBJC_LITERAL_CONVERSION = YES;
				CLANG_WARN_OBJC_ROOT_CLASS = YES_ERROR;
				CLANG_WARN_QUOTED_INCLUDE_IN_FRAMEWORK_HEADER = YES;
				CLANG_WARN_RANGE_LOOP_ANALYSIS = YES;
				CLANG_WARN_STRICT_PROTOTYPES = YES;
				CLANG_WARN_SUSPICIOUS_MOVE = YES;
				CLANG_WARN_UNGUARDED_AVAILABILITY = YES_AGGRESSIVE;
				CLANG_WARN_UNREACHABLE_CODE = YES;
				CLANG_WARN__DUPLICATE_METHOD_MATCH = YES;
				COPY_PHASE_STRIP = NO;
				DEBUG_INFORMATION_FORMAT = "dwarf-with-dsym";
				ENABLE_NS_ASSERTIONS = NO;
				ENABLE_STRICT_OBJC_MSGSEND = YES;
				GCC_C_LANGUAGE_STANDARD = gnu11;
				GCC_NO_COMMON_BLOCKS = YES;
				GCC_WARN_64_TO_32_BIT_CONVERSION = YES;
				GCC_WARN_ABOUT_RETURN_TYPE = YES_ERROR;
				GCC_WARN_UNDECLARED_SELECTOR = YES;
				GCC_WARN_UNINITIALIZED_AUTOS = YES_AGGRESSIVE;
				GCC_WARN_UNUSED_FUNCTION = YES;
				GCC_WARN_UNUSED_VARIABLE = YES;
				MTL_ENABLE_DEBUG_INFO = NO;
				MTL_FAST_MATH = YES;
				SWIFT_COMPILATION_MODE = wholemodule;
				SWIFT_OPTIMIZATION_LEVEL = "-O";
			};
			name = Release;
		};
		E22B5E69297839D000836E92 /* Debug */ = {
			isa = XCBuildConfiguration;
			buildSettings = {
				ASSETCATALOG_COMPILER_APPICON_NAME = AppIcon;
				ASSETCATALOG_COMPILER_GLOBAL_ACCENT_COLOR_NAME = AccentColor;
				CODE_SIGN_STYLE = Automatic;
				CURRENT_PROJECT_VERSION = 1;
				DEVELOPMENT_TEAM = QD5349NP78;
				ENABLE_PREVIEWS = YES;
				GENERATE_INFOPLIST_FILE = YES;
				INFOPLIST_KEY_NSCameraUsageDescription = "Приложение использует фото камеру.";
				INFOPLIST_KEY_UIApplicationSceneManifest_Generation = YES;
				INFOPLIST_KEY_UIApplicationSupportsIndirectInputEvents = YES;
				INFOPLIST_KEY_UILaunchScreen_Generation = YES;
				INFOPLIST_KEY_UILaunchStoryboardName = "Launch Screen";
				INFOPLIST_KEY_UISupportedInterfaceOrientations = UIInterfaceOrientationPortrait;
				INFOPLIST_KEY_UISupportedInterfaceOrientations_iPad = "UIInterfaceOrientationPortrait UIInterfaceOrientationPortraitUpsideDown UIInterfaceOrientationLandscapeLeft UIInterfaceOrientationLandscapeRight";
				INFOPLIST_KEY_UISupportedInterfaceOrientations_iPhone = "UIInterfaceOrientationPortrait UIInterfaceOrientationLandscapeLeft UIInterfaceOrientationLandscapeRight";
				IPHONEOS_DEPLOYMENT_TARGET = 15.2;
				LD_RUNPATH_SEARCH_PATHS = (
					"$(inherited)",
					"@executable_path/Frameworks",
				);
				MARKETING_VERSION = 1.0;
				PRODUCT_BUNDLE_IDENTIFIER = com.aspanin.LynaFM;
				PRODUCT_NAME = LynaFM;
				SDKROOT = iphoneos;
				SWIFT_EMIT_LOC_STRINGS = YES;
				SWIFT_VERSION = 5.0;
				TARGETED_DEVICE_FAMILY = "1,2";
			};
			name = Debug;
		};
		E22B5E6A297839D000836E92 /* Release */ = {
			isa = XCBuildConfiguration;
			buildSettings = {
				ASSETCATALOG_COMPILER_APPICON_NAME = AppIcon;
				ASSETCATALOG_COMPILER_GLOBAL_ACCENT_COLOR_NAME = AccentColor;
				CODE_SIGN_STYLE = Automatic;
				CURRENT_PROJECT_VERSION = 1;
				DEVELOPMENT_TEAM = QD5349NP78;
				ENABLE_PREVIEWS = YES;
				GENERATE_INFOPLIST_FILE = YES;
				INFOPLIST_KEY_NSCameraUsageDescription = "Приложение использует фото камеру.";
				INFOPLIST_KEY_UIApplicationSceneManifest_Generation = YES;
				INFOPLIST_KEY_UIApplicationSupportsIndirectInputEvents = YES;
				INFOPLIST_KEY_UILaunchScreen_Generation = YES;
				INFOPLIST_KEY_UILaunchStoryboardName = "Launch Screen";
				INFOPLIST_KEY_UISupportedInterfaceOrientations = UIInterfaceOrientationPortrait;
				INFOPLIST_KEY_UISupportedInterfaceOrientations_iPad = "UIInterfaceOrientationPortrait UIInterfaceOrientationPortraitUpsideDown UIInterfaceOrientationLandscapeLeft UIInterfaceOrientationLandscapeRight";
				INFOPLIST_KEY_UISupportedInterfaceOrientations_iPhone = "UIInterfaceOrientationPortrait UIInterfaceOrientationLandscapeLeft UIInterfaceOrientationLandscapeRight";
				IPHONEOS_DEPLOYMENT_TARGET = 15.2;
				LD_RUNPATH_SEARCH_PATHS = (
					"$(inherited)",
					"@executable_path/Frameworks",
				);
				MARKETING_VERSION = 1.0;
				PRODUCT_BUNDLE_IDENTIFIER = com.aspanin.LynaFM;
				PRODUCT_NAME = LynaFM;
				SDKROOT = iphoneos;
				SWIFT_EMIT_LOC_STRINGS = YES;
				SWIFT_VERSION = 5.0;
				TARGETED_DEVICE_FAMILY = "1,2";
				VALIDATE_PRODUCT = YES;
			};
			name = Release;
		};
/* End XCBuildConfiguration section */

/* Begin XCConfigurationList section */
		E22B5E4E297839CE00836E92 /* Build configuration list for PBXProject "LynaFM" */ = {
			isa = XCConfigurationList;
			buildConfigurations = (
				E22B5E66297839D000836E92 /* Debug */,
				E22B5E67297839D000836E92 /* Release */,
			);
			defaultConfigurationIsVisible = 0;
			defaultConfigurationName = Release;
		};
		E22B5E68297839D000836E92 /* Build configuration list for PBXNativeTarget "LynaFM (iOS)" */ = {
			isa = XCConfigurationList;
			buildConfigurations = (
				E22B5E69297839D000836E92 /* Debug */,
				E22B5E6A297839D000836E92 /* Release */,
			);
			defaultConfigurationIsVisible = 0;
			defaultConfigurationName = Release;
		};
/* End XCConfigurationList section */

/* Begin XCRemoteSwiftPackageReference section */
		E22B5E7029783EDB00836E92 /* XCRemoteSwiftPackageReference "firebase-ios-sdk" */ = {
			isa = XCRemoteSwiftPackageReference;
			repositoryURL = "https://github.com/firebase/firebase-ios-sdk";
			requirement = {
				kind = upToNextMajorVersion;
				minimumVersion = 9.0.0;
			};
		};
/* End XCRemoteSwiftPackageReference section */

/* Begin XCSwiftPackageProductDependency section */
		E22B5E7129783EDB00836E92 /* FirebaseAppCheck */ = {
			isa = XCSwiftPackageProductDependency;
			package = E22B5E7029783EDB00836E92 /* XCRemoteSwiftPackageReference "firebase-ios-sdk" */;
			productName = FirebaseAppCheck;
		};
		E22B5E7329783EDB00836E92 /* FirebaseAppDistribution-Beta */ = {
			isa = XCSwiftPackageProductDependency;
			package = E22B5E7029783EDB00836E92 /* XCRemoteSwiftPackageReference "firebase-ios-sdk" */;
			productName = "FirebaseAppDistribution-Beta";
		};
		E22B5E7529783EDB00836E92 /* FirebaseAuth */ = {
			isa = XCSwiftPackageProductDependency;
			package = E22B5E7029783EDB00836E92 /* XCRemoteSwiftPackageReference "firebase-ios-sdk" */;
			productName = FirebaseAuth;
		};
		E22B5E7729783EDB00836E92 /* FirebaseAuthCombine-Community */ = {
			isa = XCSwiftPackageProductDependency;
			package = E22B5E7029783EDB00836E92 /* XCRemoteSwiftPackageReference "firebase-ios-sdk" */;
			productName = "FirebaseAuthCombine-Community";
		};
		E22B5E7929783EDB00836E92 /* FirebaseCrashlytics */ = {
			isa = XCSwiftPackageProductDependency;
			package = E22B5E7029783EDB00836E92 /* XCRemoteSwiftPackageReference "firebase-ios-sdk" */;
			productName = FirebaseCrashlytics;
		};
		E22B5E7B29783EDB00836E92 /* FirebaseDatabase */ = {
			isa = XCSwiftPackageProductDependency;
			package = E22B5E7029783EDB00836E92 /* XCRemoteSwiftPackageReference "firebase-ios-sdk" */;
			productName = FirebaseDatabase;
		};
		E22B5E7D29783EDB00836E92 /* FirebaseDatabaseSwift */ = {
			isa = XCSwiftPackageProductDependency;
			package = E22B5E7029783EDB00836E92 /* XCRemoteSwiftPackageReference "firebase-ios-sdk" */;
			productName = FirebaseDatabaseSwift;
		};
		E22B5E7F29783EDB00836E92 /* FirebaseDynamicLinks */ = {
			isa = XCSwiftPackageProductDependency;
			package = E22B5E7029783EDB00836E92 /* XCRemoteSwiftPackageReference "firebase-ios-sdk" */;
			productName = FirebaseDynamicLinks;
		};
		E22B5E8129783EDB00836E92 /* FirebaseFirestore */ = {
			isa = XCSwiftPackageProductDependency;
			package = E22B5E7029783EDB00836E92 /* XCRemoteSwiftPackageReference "firebase-ios-sdk" */;
			productName = FirebaseFirestore;
		};
		E22B5E8329783EDB00836E92 /* FirebaseFirestoreCombine-Community */ = {
			isa = XCSwiftPackageProductDependency;
			package = E22B5E7029783EDB00836E92 /* XCRemoteSwiftPackageReference "firebase-ios-sdk" */;
			productName = "FirebaseFirestoreCombine-Community";
		};
		E22B5E8529783EDB00836E92 /* FirebaseFirestoreSwift */ = {
			isa = XCSwiftPackageProductDependency;
			package = E22B5E7029783EDB00836E92 /* XCRemoteSwiftPackageReference "firebase-ios-sdk" */;
			productName = FirebaseFirestoreSwift;
		};
		E22B5E8729783EDB00836E92 /* FirebaseFunctions */ = {
			isa = XCSwiftPackageProductDependency;
			package = E22B5E7029783EDB00836E92 /* XCRemoteSwiftPackageReference "firebase-ios-sdk" */;
			productName = FirebaseFunctions;
		};
		E22B5E8929783EDB00836E92 /* FirebaseFunctionsCombine-Community */ = {
			isa = XCSwiftPackageProductDependency;
			package = E22B5E7029783EDB00836E92 /* XCRemoteSwiftPackageReference "firebase-ios-sdk" */;
			productName = "FirebaseFunctionsCombine-Community";
		};
		E22B5E8B29783EDB00836E92 /* FirebaseInAppMessaging-Beta */ = {
			isa = XCSwiftPackageProductDependency;
			package = E22B5E7029783EDB00836E92 /* XCRemoteSwiftPackageReference "firebase-ios-sdk" */;
			productName = "FirebaseInAppMessaging-Beta";
		};
		E22B5E8D29783EDB00836E92 /* FirebaseInAppMessagingSwift-Beta */ = {
			isa = XCSwiftPackageProductDependency;
			package = E22B5E7029783EDB00836E92 /* XCRemoteSwiftPackageReference "firebase-ios-sdk" */;
			productName = "FirebaseInAppMessagingSwift-Beta";
		};
		E22B5E8F29783EDB00836E92 /* FirebaseInstallations */ = {
			isa = XCSwiftPackageProductDependency;
			package = E22B5E7029783EDB00836E92 /* XCRemoteSwiftPackageReference "firebase-ios-sdk" */;
			productName = FirebaseInstallations;
		};
		E22B5E9129783EDB00836E92 /* FirebaseMLModelDownloader */ = {
			isa = XCSwiftPackageProductDependency;
			package = E22B5E7029783EDB00836E92 /* XCRemoteSwiftPackageReference "firebase-ios-sdk" */;
			productName = FirebaseMLModelDownloader;
		};
		E22B5E9329783EDB00836E92 /* FirebaseMessaging */ = {
			isa = XCSwiftPackageProductDependency;
			package = E22B5E7029783EDB00836E92 /* XCRemoteSwiftPackageReference "firebase-ios-sdk" */;
			productName = FirebaseMessaging;
		};
		E22B5E9529783EDB00836E92 /* FirebasePerformance */ = {
			isa = XCSwiftPackageProductDependency;
			package = E22B5E7029783EDB00836E92 /* XCRemoteSwiftPackageReference "firebase-ios-sdk" */;
			productName = FirebasePerformance;
		};
		E22B5E9729783EDB00836E92 /* FirebaseRemoteConfig */ = {
			isa = XCSwiftPackageProductDependency;
			package = E22B5E7029783EDB00836E92 /* XCRemoteSwiftPackageReference "firebase-ios-sdk" */;
			productName = FirebaseRemoteConfig;
		};
		E22B5E9929783EDB00836E92 /* FirebaseRemoteConfigSwift */ = {
			isa = XCSwiftPackageProductDependency;
			package = E22B5E7029783EDB00836E92 /* XCRemoteSwiftPackageReference "firebase-ios-sdk" */;
			productName = FirebaseRemoteConfigSwift;
		};
		E22B5E9B29783EDB00836E92 /* FirebaseStorage */ = {
			isa = XCSwiftPackageProductDependency;
			package = E22B5E7029783EDB00836E92 /* XCRemoteSwiftPackageReference "firebase-ios-sdk" */;
			productName = FirebaseStorage;
		};
		E22B5E9D29783EDB00836E92 /* FirebaseStorageCombine-Community */ = {
			isa = XCSwiftPackageProductDependency;
			package = E22B5E7029783EDB00836E92 /* XCRemoteSwiftPackageReference "firebase-ios-sdk" */;
			productName = "FirebaseStorageCombine-Community";
		};
/* End XCSwiftPackageProductDependency section */
	};
	rootObject = E22B5E4B297839CE00836E92 /* Project object */;
}
